
Microsoft Visual Studio Solution File, Format Version 12.00
# Visual Studio Version 17
VisualStudioVersion = 17.0.32126.317
MinimumVisualStudioVersion = 10.0.40219.1
Project("{FAE04EC0-301F-11D3-BF4B-00C04F79EFBC}") = "DotNetCoreLocalization", "DotNetCoreLocalization\DotNetCoreLocalization.csproj", "{B0D88742-AA54-4243-A473-CCC8C8955832}"
EndProject
Global
	GlobalSection(SolutionConfigurationPlatforms) = preSolution
		Debug|Any CPU = Debug|Any CPU
		Release|Any CPU = Release|Any CPU
	EndGlobalSection
	GlobalSection(ProjectConfigurationPlatforms) = postSolution
		{B0D88742-AA54-4243-A473-CCC8C8955832}.Debug|Any CPU.ActiveCfg = Debug|Any CPU
		{B0D88742-AA54-4243-A473-CCC8C8955832}.Debug|Any CPU.Build.0 = Debug|Any CPU
		{B0D88742-AA54-4243-A473-CCC8C8955832}.Release|Any CPU.ActiveCfg = Release|Any CPU
		{B0D88742-AA54-4243-A473-CCC8C8955832}.Release|Any CPU.Build.0 = Release|Any CPU
	EndGlobalSection
	GlobalSection(SolutionProperties) = preSolution
		HideSolutionNode = FALSE
	EndGlobalSection
	GlobalSection(ExtensibilityGlobals) = postSolution
		SolutionGuid = {215A635B-36B0-4073-B05B-C198AAB30488}
	EndGlobalSection
EndGlobal
